
Microsoft Visual Studio Solution File, Format Version 12.00
# Visual Studio 2012
Project("{FAE04EC0-301F-11D3-BF4B-00C04F79EFBC}") = "SSCSFIU_MVC", "SSCSFIU_MVC\SSCSFIU_MVC.csproj", "{B21BE7E5-B710-4460-86F5-8291AFFB6527}"
EndProject
Global
	GlobalSection(SolutionConfigurationPlatforms) = preSolution
		Debug|Any CPU = Debug|Any CPU
		Release|Any CPU = Release|Any CPU
	EndGlobalSection
	GlobalSection(ProjectConfigurationPlatforms) = postSolution
		{B21BE7E5-B710-4460-86F5-8291AFFB6527}.Debug|Any CPU.ActiveCfg = Debug|Any CPU
		{B21BE7E5-B710-4460-86F5-8291AFFB6527}.Debug|Any CPU.Build.0 = Debug|Any CPU
		{B21BE7E5-B710-4460-86F5-8291AFFB6527}.Release|Any CPU.ActiveCfg = Release|Any CPU
		{B21BE7E5-B710-4460-86F5-8291AFFB6527}.Release|Any CPU.Build.0 = Release|Any CPU
	EndGlobalSection
	GlobalSection(SolutionProperties) = preSolution
		HideSolutionNode = FALSE
	EndGlobalSection
EndGlobal
